
Microsoft Visual Studio Solution File, Format Version 12.00
# Visual Studio 15
VisualStudioVersion = 15.0.28307.489
MinimumVisualStudioVersion = 10.0.40219.1
Project("{888888A0-9F3D-457C-B088-3A5042F75D52}") = "class2", "class2\class2.pyproj", "{AD922E36-D11A-4ED4-936E-B75B1A8244B0}"
EndProject
Global
	GlobalSection(SolutionConfigurationPlatforms) = preSolution
		Debug|Any CPU = Debug|Any CPU
		Release|Any CPU = Release|Any CPU
	EndGlobalSection
	GlobalSection(ProjectConfigurationPlatforms) = postSolution
		{AD922E36-D11A-4ED4-936E-B75B1A8244B0}.Debug|Any CPU.ActiveCfg = Debug|Any CPU
		{AD922E36-D11A-4ED4-936E-B75B1A8244B0}.Release|Any CPU.ActiveCfg = Release|Any CPU
	EndGlobalSection
	GlobalSection(SolutionProperties) = preSolution
		HideSolutionNode = FALSE
	EndGlobalSection
	GlobalSection(ExtensibilityGlobals) = postSolution
		SolutionGuid = {734C671D-0A3A-41A1-AAE4-5D348324DD66}
	EndGlobalSection
EndGlobal
